// !$*UTF8*$!
{
	archiveVersion = 1;
	classes = {
	};
	objectVersion = 56;
	objects = {

/* Begin PBXBuildFile section */
		561C108C2B1FAF7E00534D18 /* PaymentButton2.swift in Sources */ = {isa = PBXBuildFile; fileRef = 561C108B2B1FAF7E00534D18 /* PaymentButton2.swift */; };
		561C108E2B1FB3FC00534D18 /* PaymentSuccessView.swift in Sources */ = {isa = PBXBuildFile; fileRef = 561C108D2B1FB3FC00534D18 /* PaymentSuccessView.swift */; };
		561C10912B1FC5D100534D18 /* AddressView.swift in Sources */ = {isa = PBXBuildFile; fileRef = 561C10902B1FC5D100534D18 /* AddressView.swift */; };
		561C10932B1FCBE100534D18 /* CustomTextField.swift in Sources */ = {isa = PBXBuildFile; fileRef = 561C10922B1FCBE100534D18 /* CustomTextField.swift */; };
		564598442B1F2DCA0085489E /* PaymentButton.swift in Sources */ = {isa = PBXBuildFile; fileRef = 564598432B1F2DCA0085489E /* PaymentButton.swift */; };
		56C7CB662B1CBFFB0048D1C1 /* ProductsModel.swift in Sources */ = {isa = PBXBuildFile; fileRef = 56C7CB652B1CBFFB0048D1C1 /* ProductsModel.swift */; };
		56C7CB682B1CCF640048D1C1 /* ProductsList.swift in Sources */ = {isa = PBXBuildFile; fileRef = 56C7CB672B1CCF640048D1C1 /* ProductsList.swift */; };
		56C7CB6B2B1CCFD80048D1C1 /* ProductCard.swift in Sources */ = {isa = PBXBuildFile; fileRef = 56C7CB6A2B1CCFD80048D1C1 /* ProductCard.swift */; };
		56C7CB6D2B1CDD010048D1C1 /* APICaller.swift in Sources */ = {isa = PBXBuildFile; fileRef = 56C7CB6C2B1CDD010048D1C1 /* APICaller.swift */; };
		56C7CB6F2B1CF00B0048D1C1 /* ProductViewModel.swift in Sources */ = {isa = PBXBuildFile; fileRef = 56C7CB6E2B1CF00B0048D1C1 /* ProductViewModel.swift */; };
		56C7CB722B1CFB080048D1C1 /* CachedAsyncImage in Frameworks */ = {isa = PBXBuildFile; productRef = 56C7CB712B1CFB080048D1C1 /* CachedAsyncImage */; };
		56C7CB742B1CFF740048D1C1 /* Double.swift in Sources */ = {isa = PBXBuildFile; fileRef = 56C7CB732B1CFF740048D1C1 /* Double.swift */; };
		56E411412B1DDC0C004863C4 /* CartButton.swift in Sources */ = {isa = PBXBuildFile; fileRef = 56E411402B1DDC0C004863C4 /* CartButton.swift */; };
		56E411432B1DDD0E004863C4 /* CartView.swift in Sources */ = {isa = PBXBuildFile; fileRef = 56E411422B1DDD0E004863C4 /* CartView.swift */; };
		56E411452B1DF9EC004863C4 /* CartManager.swift in Sources */ = {isa = PBXBuildFile; fileRef = 56E411442B1DF9EC004863C4 /* CartManager.swift */; };
		56E411472B1DFFA8004863C4 /* ProductRowView.swift in Sources */ = {isa = PBXBuildFile; fileRef = 56E411462B1DFFA8004863C4 /* ProductRowView.swift */; };
		56F1B0D72B1C8A3900D6A7E6 /* EcommerceApp.swift in Sources */ = {isa = PBXBuildFile; fileRef = 56F1B0D62B1C8A3900D6A7E6 /* EcommerceApp.swift */; };
		56F1B0D92B1C8A3900D6A7E6 /* ContentView.swift in Sources */ = {isa = PBXBuildFile; fileRef = 56F1B0D82B1C8A3900D6A7E6 /* ContentView.swift */; };
		56F1B0DB2B1C8A3A00D6A7E6 /* Assets.xcassets in Resources */ = {isa = PBXBuildFile; fileRef = 56F1B0DA2B1C8A3A00D6A7E6 /* Assets.xcassets */; };
		56F1B0DE2B1C8A3A00D6A7E6 /* Preview Assets.xcassets in Resources */ = {isa = PBXBuildFile; fileRef = 56F1B0DD2B1C8A3A00D6A7E6 /* Preview Assets.xcassets */; };
/* End PBXBuildFile section */

/* Begin PBXFileReference section */
		561C108B2B1FAF7E00534D18 /* PaymentButton2.swift */ = {isa = PBXFileReference; lastKnownFileType = sourcecode.swift; path = PaymentButton2.swift; sourceTree = "<group>"; };
		561C108D2B1FB3FC00534D18 /* PaymentSuccessView.swift */ = {isa = PBXFileReference; lastKnownFileType = sourcecode.swift; path = PaymentSuccessView.swift; sourceTree = "<group>"; };
		561C10902B1FC5D100534D18 /* AddressView.swift */ = {isa = PBXFileReference; lastKnownFileType = sourcecode.swift; path = AddressView.swift; sourceTree = "<group>"; };
		561C10922B1FCBE100534D18 /* CustomTextField.swift */ = {isa = PBXFileReference; lastKnownFileType = sourcecode.swift; path = CustomTextField.swift; sourceTree = "<group>"; };
		564598432B1F2DCA0085489E /* PaymentButton.swift */ = {isa = PBXFileReference; lastKnownFileType = sourcecode.swift; path = PaymentButton.swift; sourceTree = "<group>"; };
		56C7CB652B1CBFFB0048D1C1 /* ProductsModel.swift */ = {isa = PBXFileReference; lastKnownFileType = sourcecode.swift; path = ProductsModel.swift; sourceTree = "<group>"; };
		56C7CB672B1CCF640048D1C1 /* ProductsList.swift */ = {isa = PBXFileReference; lastKnownFileType = sourcecode.swift; path = ProductsList.swift; sourceTree = "<group>"; };
		56C7CB6A2B1CCFD80048D1C1 /* ProductCard.swift */ = {isa = PBXFileReference; lastKnownFileType = sourcecode.swift; path = ProductCard.swift; sourceTree = "<group>"; };
		56C7CB6C2B1CDD010048D1C1 /* APICaller.swift */ = {isa = PBXFileReference; lastKnownFileType = sourcecode.swift; path = APICaller.swift; sourceTree = "<group>"; };
		56C7CB6E2B1CF00B0048D1C1 /* ProductViewModel.swift */ = {isa = PBXFileReference; lastKnownFileType = sourcecode.swift; path = ProductViewModel.swift; sourceTree = "<group>"; };
		56C7CB732B1CFF740048D1C1 /* Double.swift */ = {isa = PBXFileReference; lastKnownFileType = sourcecode.swift; path = Double.swift; sourceTree = "<group>"; };
		56E411402B1DDC0C004863C4 /* CartButton.swift */ = {isa = PBXFileReference; lastKnownFileType = sourcecode.swift; path = CartButton.swift; sourceTree = "<group>"; };
		56E411422B1DDD0E004863C4 /* CartView.swift */ = {isa = PBXFileReference; lastKnownFileType = sourcecode.swift; path = CartView.swift; sourceTree = "<group>"; };
		56E411442B1DF9EC004863C4 /* CartManager.swift */ = {isa = PBXFileReference; lastKnownFileType = sourcecode.swift; path = CartManager.swift; sourceTree = "<group>"; };
		56E411462B1DFFA8004863C4 /* ProductRowView.swift */ = {isa = PBXFileReference; lastKnownFileType = sourcecode.swift; path = ProductRowView.swift; sourceTree = "<group>"; };
		56F1B0D32B1C8A3900D6A7E6 /* Ecommerce.app */ = {isa = PBXFileReference; explicitFileType = wrapper.application; includeInIndex = 0; path = Ecommerce.app; sourceTree = BUILT_PRODUCTS_DIR; };
		56F1B0D62B1C8A3900D6A7E6 /* EcommerceApp.swift */ = {isa = PBXFileReference; lastKnownFileType = sourcecode.swift; path = EcommerceApp.swift; sourceTree = "<group>"; };
		56F1B0D82B1C8A3900D6A7E6 /* ContentView.swift */ = {isa = PBXFileReference; lastKnownFileType = sourcecode.swift; path = ContentView.swift; sourceTree = "<group>"; };
		56F1B0DA2B1C8A3A00D6A7E6 /* Assets.xcassets */ = {isa = PBXFileReference; lastKnownFileType = folder.assetcatalog; path = Assets.xcassets; sourceTree = "<group>"; };
		56F1B0DD2B1C8A3A00D6A7E6 /* Preview Assets.xcassets */ = {isa = PBXFileReference; lastKnownFileType = folder.assetcatalog; path = "Preview Assets.xcassets"; sourceTree = "<group>"; };
/* End PBXFileReference section */

/* Begin PBXFrameworksBuildPhase section */
		56F1B0D02B1C8A3900D6A7E6 /* Frameworks */ = {
			isa = PBXFrameworksBuildPhase;
			buildActionMask = 2147483647;
			files = (
				56C7CB722B1CFB080048D1C1 /* CachedAsyncImage in Frameworks */,
			);
			runOnlyForDeploymentPostprocessing = 0;
		};
/* End PBXFrameworksBuildPhase section */

/* Begin PBXGroup section */
		561C108F2B1FC22A00534D18 /* Buttons */ = {
			isa = PBXGroup;
			children = (
				56E411402B1DDC0C004863C4 /* CartButton.swift */,
				564598432B1F2DCA0085489E /* PaymentButton.swift */,
				561C108B2B1FAF7E00534D18 /* PaymentButton2.swift */,
			);
			path = Buttons;
			sourceTree = "<group>";
		};
		56C7CB642B1CBFEB0048D1C1 /* Models */ = {
			isa = PBXGroup;
			children = (
				56C7CB652B1CBFFB0048D1C1 /* ProductsModel.swift */,
			);
			path = Models;
			sourceTree = "<group>";
		};
		56C7CB692B1CCFC70048D1C1 /* Components */ = {
			isa = PBXGroup;
			children = (
				56E4113D2B1DDB55004863C4 /* DummyData */,
				561C108F2B1FC22A00534D18 /* Buttons */,
				56C7CB6A2B1CCFD80048D1C1 /* ProductCard.swift */,
				561C10902B1FC5D100534D18 /* AddressView.swift */,
				561C10922B1FCBE100534D18 /* CustomTextField.swift */,
			);
			path = Components;
			sourceTree = "<group>";
		};
		56E4113A2B1DDB0D004863C4 /* ViewModels */ = {
			isa = PBXGroup;
			children = (
				56C7CB6E2B1CF00B0048D1C1 /* ProductViewModel.swift */,
				56E411442B1DF9EC004863C4 /* CartManager.swift */,
			);
			path = ViewModels;
			sourceTree = "<group>";
		};
		56E4113B2B1DDB2A004863C4 /* Extensions */ = {
			isa = PBXGroup;
			children = (
				56C7CB732B1CFF740048D1C1 /* Double.swift */,
			);
			path = Extensions;
			sourceTree = "<group>";
		};
		56E4113C2B1DDB37004863C4 /* API Manager */ = {
			isa = PBXGroup;
			children = (
				56C7CB6C2B1CDD010048D1C1 /* APICaller.swift */,
			);
			path = "API Manager";
			sourceTree = "<group>";
		};
		56E4113D2B1DDB55004863C4 /* DummyData */ = {
			isa = PBXGroup;
			children = (
				56C7CB672B1CCF640048D1C1 /* ProductsList.swift */,
			);
			path = DummyData;
			sourceTree = "<group>";
		};
		56E4113E2B1DDB66004863C4 /* Resources */ = {
			isa = PBXGroup;
			children = (
				56F1B0D62B1C8A3900D6A7E6 /* EcommerceApp.swift */,
			);
			path = Resources;
			sourceTree = "<group>";
		};
		56E4113F2B1DDB71004863C4 /* Views */ = {
			isa = PBXGroup;
			children = (
				56F1B0D82B1C8A3900D6A7E6 /* ContentView.swift */,
				56E411422B1DDD0E004863C4 /* CartView.swift */,
				56E411462B1DFFA8004863C4 /* ProductRowView.swift */,
				561C108D2B1FB3FC00534D18 /* PaymentSuccessView.swift */,
			);
			path = Views;
			sourceTree = "<group>";
		};
		56F1B0CA2B1C8A3900D6A7E6 = {
			isa = PBXGroup;
			children = (
				56F1B0D52B1C8A3900D6A7E6 /* Ecommerce */,
				56F1B0DA2B1C8A3A00D6A7E6 /* Assets.xcassets */,
				56F1B0D42B1C8A3900D6A7E6 /* Products */,
			);
			sourceTree = "<group>";
		};
		56F1B0D42B1C8A3900D6A7E6 /* Products */ = {
			isa = PBXGroup;
			children = (
				56F1B0D32B1C8A3900D6A7E6 /* Ecommerce.app */,
			);
			name = Products;
			sourceTree = "<group>";
		};
		56F1B0D52B1C8A3900D6A7E6 /* Ecommerce */ = {
			isa = PBXGroup;
			children = (
				56E4113E2B1DDB66004863C4 /* Resources */,
				56E4113C2B1DDB37004863C4 /* API Manager */,
				56C7CB692B1CCFC70048D1C1 /* Components */,
				56E4113B2B1DDB2A004863C4 /* Extensions */,
				56C7CB642B1CBFEB0048D1C1 /* Models */,
				56E4113F2B1DDB71004863C4 /* Views */,
				56E4113A2B1DDB0D004863C4 /* ViewModels */,
				56F1B0DC2B1C8A3A00D6A7E6 /* Preview Content */,
			);
			path = Ecommerce;
			sourceTree = "<group>";
		};
		56F1B0DC2B1C8A3A00D6A7E6 /* Preview Content */ = {
			isa = PBXGroup;
			children = (
				56F1B0DD2B1C8A3A00D6A7E6 /* Preview Assets.xcassets */,
			);
			path = "Preview Content";
			sourceTree = "<group>";
		};
/* End PBXGroup section */

/* Begin PBXNativeTarget section */
		56F1B0D22B1C8A3900D6A7E6 /* Ecommerce */ = {
			isa = PBXNativeTarget;
			buildConfigurationList = 56F1B0E12B1C8A3A00D6A7E6 /* Build configuration list for PBXNativeTarget "Ecommerce" */;
			buildPhases = (
				56F1B0CF2B1C8A3900D6A7E6 /* Sources */,
				56F1B0D02B1C8A3900D6A7E6 /* Frameworks */,
				56F1B0D12B1C8A3900D6A7E6 /* Resources */,
			);
			buildRules = (
			);
			dependencies = (
			);
			name = Ecommerce;
			packageProductDependencies = (
				56C7CB712B1CFB080048D1C1 /* CachedAsyncImage */,
			);
			productName = Ecommerce;
			productReference = 56F1B0D32B1C8A3900D6A7E6 /* Ecommerce.app */;
			productType = "com.apple.product-type.application";
		};
/* End PBXNativeTarget section */

/* Begin PBXProject section */
		56F1B0CB2B1C8A3900D6A7E6 /* Project object */ = {
			isa = PBXProject;
			attributes = {
				BuildIndependentTargetsInParallel = 1;
				LastSwiftUpdateCheck = 1500;
				LastUpgradeCheck = 1500;
				TargetAttributes = {
					56F1B0D22B1C8A3900D6A7E6 = {
						CreatedOnToolsVersion = 15.0.1;
					};
				};
			};
			buildConfigurationList = 56F1B0CE2B1C8A3900D6A7E6 /* Build configuration list for PBXProject "Ecommerce" */;
			compatibilityVersion = "Xcode 14.0";
			developmentRegion = en;
			hasScannedForEncodings = 0;
			knownRegions = (
				en,
				Base,
			);
			mainGroup = 56F1B0CA2B1C8A3900D6A7E6;
			packageReferences = (
				56C7CB702B1CFB080048D1C1 /* XCRemoteSwiftPackageReference "swiftui-cached-async-image" */,
			);
			productRefGroup = 56F1B0D42B1C8A3900D6A7E6 /* Products */;
			projectDirPath = "";
			projectRoot = "";
			targets = (
				56F1B0D22B1C8A3900D6A7E6 /* Ecommerce */,
			);
		};
/* End PBXProject section */

/* Begin PBXResourcesBuildPhase section */
		56F1B0D12B1C8A3900D6A7E6 /* Resources */ = {
			isa = PBXResourcesBuildPhase;
			buildActionMask = 2147483647;
			files = (
				56F1B0DE2B1C8A3A00D6A7E6 /* Preview Assets.xcassets in Resources */,
				56F1B0DB2B1C8A3A00D6A7E6 /* Assets.xcassets in Resources */,
			);
			runOnlyForDeploymentPostprocessing = 0;
		};
/* End PBXResourcesBuildPhase section */

/* Begin PBXSourcesBuildPhase section */
		56F1B0CF2B1C8A3900D6A7E6 /* Sources */ = {
			isa = PBXSourcesBuildPhase;
			buildActionMask = 2147483647;
			files = (
				56E411432B1DDD0E004863C4 /* CartView.swift in Sources */,
				56C7CB6F2B1CF00B0048D1C1 /* ProductViewModel.swift in Sources */,
				56C7CB6D2B1CDD010048D1C1 /* APICaller.swift in Sources */,
				56E411452B1DF9EC004863C4 /* CartManager.swift in Sources */,
				561C108E2B1FB3FC00534D18 /* PaymentSuccessView.swift in Sources */,
				56F1B0D92B1C8A3900D6A7E6 /* ContentView.swift in Sources */,
				56C7CB742B1CFF740048D1C1 /* Double.swift in Sources */,
				561C108C2B1FAF7E00534D18 /* PaymentButton2.swift in Sources */,
				56C7CB682B1CCF640048D1C1 /* ProductsList.swift in Sources */,
				56E411472B1DFFA8004863C4 /* ProductRowView.swift in Sources */,
				564598442B1F2DCA0085489E /* PaymentButton.swift in Sources */,
				56E411412B1DDC0C004863C4 /* CartButton.swift in Sources */,
				56C7CB662B1CBFFB0048D1C1 /* ProductsModel.swift in Sources */,
				561C10912B1FC5D100534D18 /* AddressView.swift in Sources */,
				561C10932B1FCBE100534D18 /* CustomTextField.swift in Sources */,
				56C7CB6B2B1CCFD80048D1C1 /* ProductCard.swift in Sources */,
				56F1B0D72B1C8A3900D6A7E6 /* EcommerceApp.swift in Sources */,
			);
			runOnlyForDeploymentPostprocessing = 0;
		};
/* End PBXSourcesBuildPhase section */

/* Begin XCBuildConfiguration section */
		56F1B0DF2B1C8A3A00D6A7E6 /* Debug */ = {
			isa = XCBuildConfiguration;
			buildSettings = {
				ALWAYS_SEARCH_USER_PATHS = NO;
				ASSETCATALOG_COMPILER_GENERATE_SWIFT_ASSET_SYMBOL_EXTENSIONS = YES;
				CLANG_ANALYZER_NONNULL = YES;
				CLANG_ANALYZER_NUMBER_OBJECT_CONVERSION = YES_AGGRESSIVE;
				CLANG_CXX_LANGUAGE_STANDARD = "gnu++20";
				CLANG_ENABLE_MODULES = YES;
				CLANG_ENABLE_OBJC_ARC = YES;
				CLANG_ENABLE_OBJC_WEAK = YES;
				CLANG_WARN_BLOCK_CAPTURE_AUTORELEASING = YES;
				CLANG_WARN_BOOL_CONVERSION = YES;
				CLANG_WARN_COMMA = YES;
				CLANG_WARN_CONSTANT_CONVERSION = YES;
				CLANG_WARN_DEPRECATED_OBJC_IMPLEMENTATIONS = YES;
				CLANG_WARN_DIRECT_OBJC_ISA_USAGE = YES_ERROR;
				CLANG_WARN_DOCUMENTATION_COMMENTS = YES;
				CLANG_WARN_EMPTY_BODY = YES;
				CLANG_WARN_ENUM_CONVERSION = YES;
				CLANG_WARN_INFINITE_RECURSION = YES;
				CLANG_WARN_INT_CONVERSION = YES;
				CLANG_WARN_NON_LITERAL_NULL_CONVERSION = YES;
				CLANG_WARN_OBJC_IMPLICIT_RETAIN_SELF = YES;
				CLANG_WARN_OBJC_LITERAL_CONVERSION = YES;
				CLANG_WARN_OBJC_ROOT_CLASS = YES_ERROR;
				CLANG_WARN_QUOTED_INCLUDE_IN_FRAMEWORK_HEADER = YES;
				CLANG_WARN_RANGE_LOOP_ANALYSIS = YES;
				CLANG_WARN_STRICT_PROTOTYPES = YES;
				CLANG_WARN_SUSPICIOUS_MOVE = YES;
				CLANG_WARN_UNGUARDED_AVAILABILITY = YES_AGGRESSIVE;
				CLANG_WARN_UNREACHABLE_CODE = YES;
				CLANG_WARN__DUPLICATE_METHOD_MATCH = YES;
				COPY_PHASE_STRIP = NO;
				DEBUG_INFORMATION_FORMAT = dwarf;
				ENABLE_STRICT_OBJC_MSGSEND = YES;
				ENABLE_TESTABILITY = YES;
				ENABLE_USER_SCRIPT_SANDBOXING = YES;
				GCC_C_LANGUAGE_STANDARD = gnu17;
				GCC_DYNAMIC_NO_PIC = NO;
				GCC_NO_COMMON_BLOCKS = YES;
				GCC_OPTIMIZATION_LEVEL = 0;
				GCC_PREPROCESSOR_DEFINITIONS = (
					"DEBUG=1",
					"$(inherited)",
				);
				GCC_WARN_64_TO_32_BIT_CONVERSION = YES;
				GCC_WARN_ABOUT_RETURN_TYPE = YES_ERROR;
				GCC_WARN_UNDECLARED_SELECTOR = YES;
				GCC_WARN_UNINITIALIZED_AUTOS = YES_AGGRESSIVE;
				GCC_WARN_UNUSED_FUNCTION = YES;
				GCC_WARN_UNUSED_VARIABLE = YES;
				IPHONEOS_DEPLOYMENT_TARGET = 17.0;
				LOCALIZATION_PREFERS_STRING_CATALOGS = YES;
				MTL_ENABLE_DEBUG_INFO = INCLUDE_SOURCE;
				MTL_FAST_MATH = YES;
				ONLY_ACTIVE_ARCH = YES;
				SDKROOT = iphoneos;
				SWIFT_ACTIVE_COMPILATION_CONDITIONS = "DEBUG $(inherited)";
				SWIFT_OPTIMIZATION_LEVEL = "-Onone";
			};
			name = Debug;
		};
		56F1B0E02B1C8A3A00D6A7E6 /* Release */ = {
			isa = XCBuildConfiguration;
			buildSettings = {
				ALWAYS_SEARCH_USER_PATHS = NO;
				ASSETCATALOG_COMPILER_GENERATE_SWIFT_ASSET_SYMBOL_EXTENSIONS = YES;
				CLANG_ANALYZER_NONNULL = YES;
				CLANG_ANALYZER_NUMBER_OBJECT_CONVERSION = YES_AGGRESSIVE;
				CLANG_CXX_LANGUAGE_STANDARD = "gnu++20";
				CLANG_ENABLE_MODULES = YES;
				CLANG_ENABLE_OBJC_ARC = YES;
				CLANG_ENABLE_OBJC_WEAK = YES;
				CLANG_WARN_BLOCK_CAPTURE_AUTORELEASING = YES;
				CLANG_WARN_BOOL_CONVERSION = YES;
				CLANG_WARN_COMMA = YES;
				CLANG_WARN_CONSTANT_CONVERSION = YES;
				CLANG_WARN_DEPRECATED_OBJC_IMPLEMENTATIONS = YES;
				CLANG_WARN_DIRECT_OBJC_ISA_USAGE = YES_ERROR;
				CLANG_WARN_DOCUMENTATION_COMMENTS = YES;
				CLANG_WARN_EMPTY_BODY = YES;
				CLANG_WARN_ENUM_CONVERSION = YES;
				CLANG_WARN_INFINITE_RECURSION = YES;
				CLANG_WARN_INT_CONVERSION = YES;
				CLANG_WARN_NON_LITERAL_NULL_CONVERSION = YES;
				CLANG_WARN_OBJC_IMPLICIT_RETAIN_SELF = YES;
				CLANG_WARN_OBJC_LITERAL_CONVERSION = YES;
				CLANG_WARN_OBJC_ROOT_CLASS = YES_ERROR;
				CLANG_WARN_QUOTED_INCLUDE_IN_FRAMEWORK_HEADER = YES;
				CLANG_WARN_RANGE_LOOP_ANALYSIS = YES;
				CLANG_WARN_STRICT_PROTOTYPES = YES;
				CLANG_WARN_SUSPICIOUS_MOVE = YES;
				CLANG_WARN_UNGUARDED_AVAILABILITY = YES_AGGRESSIVE;
				CLANG_WARN_UNREACHABLE_CODE = YES;
				CLANG_WARN__DUPLICATE_METHOD_MATCH = YES;
				COPY_PHASE_STRIP = NO;
				DEBUG_INFORMATION_FORMAT = "dwarf-with-dsym";
				ENABLE_NS_ASSERTIONS = NO;
				ENABLE_STRICT_OBJC_MSGSEND = YES;
				ENABLE_USER_SCRIPT_SANDBOXING = YES;
				GCC_C_LANGUAGE_STANDARD = gnu17;
				GCC_NO_COMMON_BLOCKS = YES;
				GCC_WARN_64_TO_32_BIT_CONVERSION = YES;
				GCC_WARN_ABOUT_RETURN_TYPE = YES_ERROR;
				GCC_WARN_UNDECLARED_SELECTOR = YES;
				GCC_WARN_UNINITIALIZED_AUTOS = YES_AGGRESSIVE;
				GCC_WARN_UNUSED_FUNCTION = YES;
				GCC_WARN_UNUSED_VARIABLE = YES;
				IPHONEOS_DEPLOYMENT_TARGET = 17.0;
				LOCALIZATION_PREFERS_STRING_CATALOGS = YES;
				MTL_ENABLE_DEBUG_INFO = NO;
				MTL_FAST_MATH = YES;
				SDKROOT = iphoneos;
				SWIFT_COMPILATION_MODE = wholemodule;
				VALIDATE_PRODUCT = YES;
			};
			name = Release;
		};
		56F1B0E22B1C8A3A00D6A7E6 /* Debug */ = {
			isa = XCBuildConfiguration;
			buildSettings = {
				ASSETCATALOG_COMPILER_APPICON_NAME = AppIcon;
				ASSETCATALOG_COMPILER_GLOBAL_ACCENT_COLOR_NAME = AccentColor;
				CODE_SIGN_STYLE = Automatic;
				CURRENT_PROJECT_VERSION = 1;
				DEVELOPMENT_ASSET_PATHS = "\"Ecommerce/Preview Content\"";
				DEVELOPMENT_TEAM = 688ZGR6BUC;
				ENABLE_PREVIEWS = YES;
				GENERATE_INFOPLIST_FILE = YES;
				INFOPLIST_KEY_UIApplicationSceneManifest_Generation = YES;
				INFOPLIST_KEY_UIApplicationSupportsIndirectInputEvents = YES;
				INFOPLIST_KEY_UILaunchScreen_Generation = YES;
				INFOPLIST_KEY_UISupportedInterfaceOrientations = "UIInterfaceOrientationLandscapeLeft UIInterfaceOrientationLandscapeRight UIInterfaceOrientationPortrait";
				LD_RUNPATH_SEARCH_PATHS = (
					"$(inherited)",
					"@executable_path/Frameworks",
				);
				MARKETING_VERSION = 1.0;
				PRODUCT_BUNDLE_IDENTIFIER = com.pulkit1211.testing.Ecommerce;
				PRODUCT_NAME = "$(TARGET_NAME)";
				SWIFT_EMIT_LOC_STRINGS = YES;
				SWIFT_VERSION = 5.0;
				TARGETED_DEVICE_FAMILY = "1,2";
			};
			name = Debug;
		};
		56F1B0E32B1C8A3A00D6A7E6 /* Release */ = {
			isa = XCBuildConfiguration;
			buildSettings = {
				ASSETCATALOG_COMPILER_APPICON_NAME = AppIcon;
				ASSETCATALOG_COMPILER_GLOBAL_ACCENT_COLOR_NAME = AccentColor;
				CODE_SIGN_STYLE = Automatic;
				CURRENT_PROJECT_VERSION = 1;
				DEVELOPMENT_ASSET_PATHS = "\"Ecommerce/Preview Content\"";
				DEVELOPMENT_TEAM = 688ZGR6BUC;
				ENABLE_PREVIEWS = YES;
				GENERATE_INFOPLIST_FILE = YES;
				INFOPLIST_KEY_UIApplicationSceneManifest_Generation = YES;
				INFOPLIST_KEY_UIApplicationSupportsIndirectInputEvents = YES;
				INFOPLIST_KEY_UILaunchScreen_Generation = YES;
				INFOPLIST_KEY_UISupportedInterfaceOrientations = "UIInterfaceOrientationLandscapeLeft UIInterfaceOrientationLandscapeRight UIInterfaceOrientationPortrait";
				LD_RUNPATH_SEARCH_PATHS = (
					"$(inherited)",
					"@executable_path/Frameworks",
				);
				MARKETING_VERSION = 1.0;
				PRODUCT_BUNDLE_IDENTIFIER = com.pulkit1211.testing.Ecommerce;
				PRODUCT_NAME = "$(TARGET_NAME)";
				SWIFT_EMIT_LOC_STRINGS = YES;
				SWIFT_VERSION = 5.0;
				TARGETED_DEVICE_FAMILY = "1,2";
			};
			name = Release;
		};
/* End XCBuildConfiguration section */

/* Begin XCConfigurationList section */
		56F1B0CE2B1C8A3900D6A7E6 /* Build configuration list for PBXProject "Ecommerce" */ = {
			isa = XCConfigurationList;
			buildConfigurations = (
				56F1B0DF2B1C8A3A00D6A7E6 /* Debug */,
				56F1B0E02B1C8A3A00D6A7E6 /* Release */,
			);
			defaultConfigurationIsVisible = 0;
			defaultConfigurationName = Release;
		};
		56F1B0E12B1C8A3A00D6A7E6 /* Build configuration list for PBXNativeTarget "Ecommerce" */ = {
			isa = XCConfigurationList;
			buildConfigurations = (
				56F1B0E22B1C8A3A00D6A7E6 /* Debug */,
				56F1B0E32B1C8A3A00D6A7E6 /* Release */,
			);
			defaultConfigurationIsVisible = 0;
			defaultConfigurationName = Release;
		};
/* End XCConfigurationList section */

/* Begin XCRemoteSwiftPackageReference section */
		56C7CB702B1CFB080048D1C1 /* XCRemoteSwiftPackageReference "swiftui-cached-async-image" */ = {
			isa = XCRemoteSwiftPackageReference;
			repositoryURL = "https://github.com/lorenzofiamingo/swiftui-cached-async-image";
			requirement = {
				kind = upToNextMajorVersion;
				minimumVersion = 2.1.1;
			};
		};
/* End XCRemoteSwiftPackageReference section */

/* Begin XCSwiftPackageProductDependency section */
		56C7CB712B1CFB080048D1C1 /* CachedAsyncImage */ = {
			isa = XCSwiftPackageProductDependency;
			package = 56C7CB702B1CFB080048D1C1 /* XCRemoteSwiftPackageReference "swiftui-cached-async-image" */;
			productName = CachedAsyncImage;
		};
/* End XCSwiftPackageProductDependency section */
	};
	rootObject = 56F1B0CB2B1C8A3900D6A7E6 /* Project object */;
}
